// !$*UTF8*$!
{
	archiveVersion = 1;
	classes = {
	};
	objectVersion = 77;
	objects = {

/* Begin PBXBuildFile section */
		10ED1EB42E61D0D6CF453561 /* DemoModels.swift in Sources */ = {isa = PBXBuildFile; fileRef = F7C33EEC58F2E50CC2AD4649 /* DemoModels.swift */; };
		17F647A183B3BF5C310A4884 /* ContentView.swift in Sources */ = {isa = PBXBuildFile; fileRef = 7755B2D86E303B47546B0013 /* ContentView.swift */; };
		588604CEEAE36585560C7671 /* SwiftDataCloudSyncKit in Frameworks */ = {isa = PBXBuildFile; productRef = DE03D736EDCF9DD9CA043380 /* SwiftDataCloudSyncKit */; };
		C18FF2ED9B1A662E9456FCFE /* SwiftDataCloudSyncKitDemoApp.swift in Sources */ = {isa = PBXBuildFile; fileRef = A9090A7B9092E22DC80492DE /* SwiftDataCloudSyncKitDemoApp.swift */; };
		F8FDDEEEA826C5EB370B1888 /* DemoStore.swift in Sources */ = {isa = PBXBuildFile; fileRef = 66A1068302FD175246EA17D1 /* DemoStore.swift */; };
/* End PBXBuildFile section */

/* Begin PBXFileReference section */
		66A1068302FD175246EA17D1 /* DemoStore.swift */ = {isa = PBXFileReference; lastKnownFileType = sourcecode.swift; path = DemoStore.swift; sourceTree = "<group>"; };
		7755B2D86E303B47546B0013 /* ContentView.swift */ = {isa = PBXFileReference; lastKnownFileType = sourcecode.swift; path = ContentView.swift; sourceTree = "<group>"; };
		A5B87872B1191CB6C4572381 /* SwiftDataCloudSyncKitDemo.app */ = {isa = PBXFileReference; includeInIndex = 0; lastKnownFileType = wrapper.application; path = SwiftDataCloudSyncKitDemo.app; sourceTree = BUILT_PRODUCTS_DIR; };
		A9090A7B9092E22DC80492DE /* SwiftDataCloudSyncKitDemoApp.swift */ = {isa = PBXFileReference; lastKnownFileType = sourcecode.swift; path = SwiftDataCloudSyncKitDemoApp.swift; sourceTree = "<group>"; };
		F7C33EEC58F2E50CC2AD4649 /* DemoModels.swift */ = {isa = PBXFileReference; lastKnownFileType = sourcecode.swift; path = DemoModels.swift; sourceTree = "<group>"; };
		F938F746ADF582AA7E181C6E /* SwiftDataCloudSyncKit */ = {isa = PBXFileReference; lastKnownFileType = folder; name = SwiftDataCloudSyncKit; path = ..; sourceTree = SOURCE_ROOT; };
/* End PBXFileReference section */

/* Begin PBXFrameworksBuildPhase section */
		1C8BEF1B56F3DB778865FC84 /* Frameworks */ = {
			isa = PBXFrameworksBuildPhase;
			buildActionMask = 2147483647;
			files = (
				588604CEEAE36585560C7671 /* SwiftDataCloudSyncKit in Frameworks */,
			);
			runOnlyForDeploymentPostprocessing = 0;
		};
/* End PBXFrameworksBuildPhase section */

/* Begin PBXGroup section */
		2D984172A89E51A3BB68ACF4 /* App */ = {
			isa = PBXGroup;
			children = (
				7755B2D86E303B47546B0013 /* ContentView.swift */,
				F7C33EEC58F2E50CC2AD4649 /* DemoModels.swift */,
				66A1068302FD175246EA17D1 /* DemoStore.swift */,
				A9090A7B9092E22DC80492DE /* SwiftDataCloudSyncKitDemoApp.swift */,
			);
			path = App;
			sourceTree = "<group>";
		};
		631972ED558E8FCAD767AC97 /* Products */ = {
			isa = PBXGroup;
			children = (
				A5B87872B1191CB6C4572381 /* SwiftDataCloudSyncKitDemo.app */,
			);
			name = Products;
			sourceTree = "<group>";
		};
		79C7F48BA7D73408E9E1DDA8 /* Packages */ = {
			isa = PBXGroup;
			children = (
				F938F746ADF582AA7E181C6E /* SwiftDataCloudSyncKit */,
			);
			name = Packages;
			sourceTree = "<group>";
		};
		FA8F8DCB44C04A3D090836ED = {
			isa = PBXGroup;
			children = (
				2D984172A89E51A3BB68ACF4 /* App */,
				79C7F48BA7D73408E9E1DDA8 /* Packages */,
				631972ED558E8FCAD767AC97 /* Products */,
			);
			sourceTree = "<group>";
		};
/* End PBXGroup section */

/* Begin PBXNativeTarget section */
		C3BEEEDA35613385000EFF54 /* SwiftDataCloudSyncKitDemo */ = {
			isa = PBXNativeTarget;
			buildConfigurationList = EAB3612C421ADC0376E738B3 /* Build configuration list for PBXNativeTarget "SwiftDataCloudSyncKitDemo" */;
			buildPhases = (
				784ADACA6A864EBE77F911B0 /* Sources */,
				1C8BEF1B56F3DB778865FC84 /* Frameworks */,
			);
			buildRules = (
			);
			dependencies = (
			);
			name = SwiftDataCloudSyncKitDemo;
			packageProductDependencies = (
				DE03D736EDCF9DD9CA043380 /* SwiftDataCloudSyncKit */,
			);
			productName = SwiftDataCloudSyncKitDemo;
			productReference = A5B87872B1191CB6C4572381 /* SwiftDataCloudSyncKitDemo.app */;
			productType = "com.apple.product-type.application";
		};
/* End PBXNativeTarget section */

/* Begin PBXProject section */
		3429A589AFFF01E68375FA84 /* Project object */ = {
			isa = PBXProject;
			attributes = {
				BuildIndependentTargetsInParallel = YES;
				LastUpgradeCheck = 1430;
			};
			buildConfigurationList = 13CB637C5B93FF64BAF3C3C0 /* Build configuration list for PBXProject "SwiftDataCloudSyncKitDemo" */;
			compatibilityVersion = "Xcode 14.0";
			developmentRegion = en;
			hasScannedForEncodings = 0;
			knownRegions = (
				Base,
				en,
			);
			mainGroup = FA8F8DCB44C04A3D090836ED;
			minimizedProjectReferenceProxies = 1;
			packageReferences = (
				09D2331DF47A8A781A379F21 /* XCLocalSwiftPackageReference ".." */,
			);
			preferredProjectObjectVersion = 77;
			projectDirPath = "";
			projectRoot = "";
			targets = (
				C3BEEEDA35613385000EFF54 /* SwiftDataCloudSyncKitDemo */,
			);
		};
/* End PBXProject section */

/* Begin PBXSourcesBuildPhase section */
		784ADACA6A864EBE77F911B0 /* Sources */ = {
			isa = PBXSourcesBuildPhase;
			buildActionMask = 2147483647;
			files = (
				17F647A183B3BF5C310A4884 /* ContentView.swift in Sources */,
				10ED1EB42E61D0D6CF453561 /* DemoModels.swift in Sources */,
				F8FDDEEEA826C5EB370B1888 /* DemoStore.swift in Sources */,
				C18FF2ED9B1A662E9456FCFE /* SwiftDataCloudSyncKitDemoApp.swift in Sources */,
			);
			runOnlyForDeploymentPostprocessing = 0;
		};
/* End PBXSourcesBuildPhase section */

/* Begin XCBuildConfiguration section */
		0500984CE3332716133D2DA7 /* Debug */ = {
			isa = XCBuildConfiguration;
			buildSettings = {
				ALWAYS_SEARCH_USER_PATHS = NO;
				CLANG_ANALYZER_NONNULL = YES;
				CLANG_ANALYZER_NUMBER_OBJECT_CONVERSION = YES_AGGRESSIVE;
				CLANG_CXX_LANGUAGE_STANDARD = "gnu++14";
				CLANG_CXX_LIBRARY = "libc++";
				CLANG_ENABLE_MODULES = YES;
				CLANG_ENABLE_OBJC_ARC = YES;
				CLANG_ENABLE_OBJC_WEAK = YES;
				CLANG_WARN_BLOCK_CAPTURE_AUTORELEASING = YES;
				CLANG_WARN_BOOL_CONVERSION = YES;
				CLANG_WARN_COMMA = YES;
				CLANG_WARN_CONSTANT_CONVERSION = YES;
				CLANG_WARN_DEPRECATED_OBJC_IMPLEMENTATIONS = YES;
				CLANG_WARN_DIRECT_OBJC_ISA_USAGE = YES_ERROR;
				CLANG_WARN_DOCUMENTATION_COMMENTS = YES;
				CLANG_WARN_EMPTY_BODY = YES;
				CLANG_WARN_ENUM_CONVERSION = YES;
				CLANG_WARN_INFINITE_RECURSION = YES;
				CLANG_WARN_INT_CONVERSION = YES;
				CLANG_WARN_NON_LITERAL_NULL_CONVERSION = YES;
				CLANG_WARN_OBJC_IMPLICIT_RETAIN_SELF = YES;
				CLANG_WARN_OBJC_LITERAL_CONVERSION = YES;
				CLANG_WARN_OBJC_ROOT_CLASS = YES_ERROR;
				CLANG_WARN_QUOTED_INCLUDE_IN_FRAMEWORK_HEADER = YES;
				CLANG_WARN_RANGE_LOOP_ANALYSIS = YES;
				CLANG_WARN_STRICT_PROTOTYPES = YES;
				CLANG_WARN_SUSPICIOUS_MOVE = YES;
				CLANG_WARN_UNGUARDED_AVAILABILITY = YES_AGGRESSIVE;
				CLANG_WARN_UNREACHABLE_CODE = YES;
				CLANG_WARN__DUPLICATE_METHOD_MATCH = YES;
				COPY_PHASE_STRIP = NO;
				DEBUG_INFORMATION_FORMAT = dwarf;
				ENABLE_STRICT_OBJC_MSGSEND = YES;
				ENABLE_TESTABILITY = YES;
				GCC_C_LANGUAGE_STANDARD = gnu11;
				GCC_DYNAMIC_NO_PIC = NO;
				GCC_NO_COMMON_BLOCKS = YES;
				GCC_OPTIMIZATION_LEVEL = 0;
				GCC_PREPROCESSOR_DEFINITIONS = (
					"$(inherited)",
					"DEBUG=1",
				);
				GCC_WARN_64_TO_32_BIT_CONVERSION = YES;
				GCC_WARN_ABOUT_RETURN_TYPE = YES_ERROR;
				GCC_WARN_UNDECLARED_SELECTOR = YES;
				GCC_WARN_UNINITIALIZED_AUTOS = YES_AGGRESSIVE;
				GCC_WARN_UNUSED_FUNCTION = YES;
				GCC_WARN_UNUSED_VARIABLE = YES;
				IPHONEOS_DEPLOYMENT_TARGET = 17.0;
				MTL_ENABLE_DEBUG_INFO = INCLUDE_SOURCE;
				MTL_FAST_MATH = YES;
				ONLY_ACTIVE_ARCH = YES;
				PRODUCT_NAME = "$(TARGET_NAME)";
				SDKROOT = iphoneos;
				SWIFT_ACTIVE_COMPILATION_CONDITIONS = DEBUG;
				SWIFT_OPTIMIZATION_LEVEL = "-Onone";
				SWIFT_VERSION = 5.0;
			};
			name = Debug;
		};
		1E5BA63A094B12F61ECB6C0E /* Release */ = {
			isa = XCBuildConfiguration;
			buildSettings = {
				ASSETCATALOG_COMPILER_APPICON_NAME = AppIcon;
				CODE_SIGN_IDENTITY = "iPhone Developer";
				GENERATE_INFOPLIST_FILE = YES;
				INFOPLIST_KEY_CFBundleDisplayName = SwiftDataCloudSyncKitDemo;
				INFOPLIST_KEY_UIApplicationSupportsIndirectInputEvents = YES;
				INFOPLIST_KEY_UILaunchScreen_Generation = YES;
				INFOPLIST_KEY_UISupportedInterfaceOrientations_iPad = "UIInterfaceOrientationPortrait UIInterfaceOrientationPortraitUpsideDown UIInterfaceOrientationLandscapeLeft UIInterfaceOrientationLandscapeRight";
				INFOPLIST_KEY_UISupportedInterfaceOrientations_iPhone = "UIInterfaceOrientationPortrait UIInterfaceOrientationLandscapeLeft UIInterfaceOrientationLandscapeRight";
				IPHONEOS_DEPLOYMENT_TARGET = 17.0;
				LD_RUNPATH_SEARCH_PATHS = (
					"$(inherited)",
					"@executable_path/Frameworks",
				);
				PRODUCT_BUNDLE_IDENTIFIER = com.mbc.SwiftDataCloudSyncKitDemo;
				PRODUCT_NAME = SwiftDataCloudSyncKitDemo;
				SDKROOT = iphoneos;
				SUPPORTS_MACCATALYST = NO;
				SWIFT_VERSION = 5.9;
				TARGETED_DEVICE_FAMILY = "1,2";
			};
			name = Release;
		};
		60ACEB809B3DF96346F2061A /* Release */ = {
			isa = XCBuildConfiguration;
			buildSettings = {
				ALWAYS_SEARCH_USER_PATHS = NO;
				CLANG_ANALYZER_NONNULL = YES;
				CLANG_ANALYZER_NUMBER_OBJECT_CONVERSION = YES_AGGRESSIVE;
				CLANG_CXX_LANGUAGE_STANDARD = "gnu++14";
				CLANG_CXX_LIBRARY = "libc++";
				CLANG_ENABLE_MODULES = YES;
				CLANG_ENABLE_OBJC_ARC = YES;
				CLANG_ENABLE_OBJC_WEAK = YES;
				CLANG_WARN_BLOCK_CAPTURE_AUTORELEASING = YES;
				CLANG_WARN_BOOL_CONVERSION = YES;
				CLANG_WARN_COMMA = YES;
				CLANG_WARN_CONSTANT_CONVERSION = YES;
				CLANG_WARN_DEPRECATED_OBJC_IMPLEMENTATIONS = YES;
				CLANG_WARN_DIRECT_OBJC_ISA_USAGE = YES_ERROR;
				CLANG_WARN_DOCUMENTATION_COMMENTS = YES;
				CLANG_WARN_EMPTY_BODY = YES;
				CLANG_WARN_ENUM_CONVERSION = YES;
				CLANG_WARN_INFINITE_RECURSION = YES;
				CLANG_WARN_INT_CONVERSION = YES;
				CLANG_WARN_NON_LITERAL_NULL_CONVERSION = YES;
				CLANG_WARN_OBJC_IMPLICIT_RETAIN_SELF = YES;
				CLANG_WARN_OBJC_LITERAL_CONVERSION = YES;
				CLANG_WARN_OBJC_ROOT_CLASS = YES_ERROR;
				CLANG_WARN_QUOTED_INCLUDE_IN_FRAMEWORK_HEADER = YES;
				CLANG_WARN_RANGE_LOOP_ANALYSIS = YES;
				CLANG_WARN_STRICT_PROTOTYPES = YES;
				CLANG_WARN_SUSPICIOUS_MOVE = YES;
				CLANG_WARN_UNGUARDED_AVAILABILITY = YES_AGGRESSIVE;
				CLANG_WARN_UNREACHABLE_CODE = YES;
				CLANG_WARN__DUPLICATE_METHOD_MATCH = YES;
				COPY_PHASE_STRIP = NO;
				DEBUG_INFORMATION_FORMAT = "dwarf-with-dsym";
				ENABLE_NS_ASSERTIONS = NO;
				ENABLE_STRICT_OBJC_MSGSEND = YES;
				GCC_C_LANGUAGE_STANDARD = gnu11;
				GCC_NO_COMMON_BLOCKS = YES;
				GCC_WARN_64_TO_32_BIT_CONVERSION = YES;
				GCC_WARN_ABOUT_RETURN_TYPE = YES_ERROR;
				GCC_WARN_UNDECLARED_SELECTOR = YES;
				GCC_WARN_UNINITIALIZED_AUTOS = YES_AGGRESSIVE;
				GCC_WARN_UNUSED_FUNCTION = YES;
				GCC_WARN_UNUSED_VARIABLE = YES;
				IPHONEOS_DEPLOYMENT_TARGET = 17.0;
				MTL_ENABLE_DEBUG_INFO = NO;
				MTL_FAST_MATH = YES;
				PRODUCT_NAME = "$(TARGET_NAME)";
				SDKROOT = iphoneos;
				SWIFT_COMPILATION_MODE = wholemodule;
				SWIFT_OPTIMIZATION_LEVEL = "-O";
				SWIFT_VERSION = 5.0;
			};
			name = Release;
		};
		C07C3AE73B88CE7DD418FB59 /* Debug */ = {
			isa = XCBuildConfiguration;
			buildSettings = {
				ASSETCATALOG_COMPILER_APPICON_NAME = AppIcon;
				CODE_SIGN_IDENTITY = "iPhone Developer";
				GENERATE_INFOPLIST_FILE = YES;
				INFOPLIST_KEY_CFBundleDisplayName = SwiftDataCloudSyncKitDemo;
				INFOPLIST_KEY_UIApplicationSupportsIndirectInputEvents = YES;
				INFOPLIST_KEY_UILaunchScreen_Generation = YES;
				INFOPLIST_KEY_UISupportedInterfaceOrientations_iPad = "UIInterfaceOrientationPortrait UIInterfaceOrientationPortraitUpsideDown UIInterfaceOrientationLandscapeLeft UIInterfaceOrientationLandscapeRight";
				INFOPLIST_KEY_UISupportedInterfaceOrientations_iPhone = "UIInterfaceOrientationPortrait UIInterfaceOrientationLandscapeLeft UIInterfaceOrientationLandscapeRight";
				IPHONEOS_DEPLOYMENT_TARGET = 17.0;
				LD_RUNPATH_SEARCH_PATHS = (
					"$(inherited)",
					"@executable_path/Frameworks",
				);
				PRODUCT_BUNDLE_IDENTIFIER = com.mbc.SwiftDataCloudSyncKitDemo;
				PRODUCT_NAME = SwiftDataCloudSyncKitDemo;
				SDKROOT = iphoneos;
				SUPPORTS_MACCATALYST = NO;
				SWIFT_VERSION = 5.9;
				TARGETED_DEVICE_FAMILY = "1,2";
			};
			name = Debug;
		};
/* End XCBuildConfiguration section */

/* Begin XCConfigurationList section */
		13CB637C5B93FF64BAF3C3C0 /* Build configuration list for PBXProject "SwiftDataCloudSyncKitDemo" */ = {
			isa = XCConfigurationList;
			buildConfigurations = (
				0500984CE3332716133D2DA7 /* Debug */,
				60ACEB809B3DF96346F2061A /* Release */,
			);
			defaultConfigurationIsVisible = 0;
			defaultConfigurationName = Debug;
		};
		EAB3612C421ADC0376E738B3 /* Build configuration list for PBXNativeTarget "SwiftDataCloudSyncKitDemo" */ = {
			isa = XCConfigurationList;
			buildConfigurations = (
				C07C3AE73B88CE7DD418FB59 /* Debug */,
				1E5BA63A094B12F61ECB6C0E /* Release */,
			);
			defaultConfigurationIsVisible = 0;
			defaultConfigurationName = Debug;
		};
/* End XCConfigurationList section */

/* Begin XCLocalSwiftPackageReference section */
		09D2331DF47A8A781A379F21 /* XCLocalSwiftPackageReference ".." */ = {
			isa = XCLocalSwiftPackageReference;
			relativePath = ..;
		};
/* End XCLocalSwiftPackageReference section */

/* Begin XCSwiftPackageProductDependency section */
		DE03D736EDCF9DD9CA043380 /* SwiftDataCloudSyncKit */ = {
			isa = XCSwiftPackageProductDependency;
			productName = SwiftDataCloudSyncKit;
		};
/* End XCSwiftPackageProductDependency section */
	};
	rootObject = 3429A589AFFF01E68375FA84 /* Project object */;
}
